github.com/gocarina/gocsv v0.0.0-20221216233619-1fea7ae8d380 h1:JJq8YZiS07gFIMYZxkbbiMrXIglG3k5JPPtdvckcnfQ=
github.com/gocarina/gocsv v0.0.0-20221216233619-1fea7ae8d380/go.mod h1:5YoVOkjYAQumqlV356Hj3xeYh4BdZuLE0/nRkf2NKkI=
github.com/lib/pq v1.10.7 h1:p7ZhMD+KsSRozJr34udlUrhboJwWAgCg34+/ZZNvZZw=
github.com/lib/pq v1.10.7/go.mod h1:AlVN5x4E4T544tWzH6hKfbfQvm3HdbOxrmggDNAPY9o=
